# This file is autogenerated, do not edit; changes may be undone by the next 'dep ensure'.


[[projects]]
  name = "github.com/Clever/discovery-go"
  packages = ["."]
  revision = "12684ef3012bf55b9827a6e7c96503e37b0d8379"

[[projects]]
  branch = "master"
  name = "github.com/Clever/mongo-to-s3"
  packages = ["config"]
  revision = "523200971617409a96ba62ef6a63be434621ea52"

[[projects]]
  name = "github.com/Clever/pathio"
  packages = ["."]
  revision = "0e1d760e1bb18e331c252947eb2a6c8d9a01583d"

[[projects]]
  name = "github.com/aws/aws-sdk-go"
  packages = ["aws","aws/awserr","aws/awsutil","aws/client","aws/client/metadata","aws/corehandlers","aws/credentials","aws/credentials/ec2rolecreds","aws/defaults","aws/ec2metadata","aws/request","aws/session","private/endpoints","private/protocol","private/protocol/ec2query","private/protocol/query","private/protocol/query/queryutil","private/protocol/rest","private/protocol/restxml","private/protocol/xml/xmlutil","private/signer/v4","private/waiter","service/ec2","service/s3","service/s3/s3iface","service/s3/s3manager"]
  revision = "b88413233bad150ce837e87ba5e27cf70594fdb9"

[[projects]]
  branch = "master"
  name = "github.com/facebookgo/errgroup"
  packages = ["."]
  revision = "779c8d7ef069c522bc72ee5f31a98d89a37f3fb6"

[[projects]]
  name = "github.com/go-ini/ini"
  packages = ["."]
  revision = "2e44421e256d82ebbf3d4d4fcabe8930b905eff3"

[[projects]]
  name = "github.com/jmespath/go-jmespath"
  packages = ["."]
  revision = "3433f3ea46d9f8019119e7dd41274e112a2359a9"
  version = "0.2.2"

[[projects]]
  name = "github.com/stretchr/testify"
  packages = ["assert"]
  revision = "efa3c4c36479edac5af79cbcb4bc8cb525e09b13"

[[projects]]
  name = "gopkg.in/Clever/kayvee-go.v3"
  packages = [".","logger"]
  revision = "d49feee080e8e32e01a5f415cf1f9dc264dfb043"
  version = "v3.0.0"

[[projects]]
  name = "gopkg.in/Clever/optimus.v3"
  packages = [".","sinks/json","sources/mongo","sources/slice","tests","transformer","transforms"]
  revision = "723bfdc306c1dc9f96f8f30f4408818470139ebf"
  version = "v3.7.0"

[[projects]]
  branch = "v0.1.1"
  name = "gopkg.in/fatih/set.v0"
  packages = ["."]
  revision = "27c40922c40b43fe04554d8223a402af3ea333f3"

[[projects]]
  name = "gopkg.in/mgo.v2"
  packages = [".","bson","internal/sasl","internal/scram"]
  revision = "b6e2fa371e64216a45e61072a96d4e3859f169da"

[[projects]]
  name = "gopkg.in/yaml.v2"
  packages = ["."]
  revision = "49c95bdc21843256fb6c4e0d370a05f24a0bf213"

[solve-meta]
  analyzer-name = "dep"
  analyzer-version = 1
  inputs-digest = "d9830dd5949f7d7d6b2e8e17be9f754064c009a31882a3e06be7669688f9e7d8"
  solver-name = "gps-cdcl"
  solver-version = 1
